
Microsoft Visual Studio Solution File, Format Version 12.00
# Visual Studio Version 16
VisualStudioVersion = 16.0.29215.179
MinimumVisualStudioVersion = 10.0.40219.1
Project("{9A19103F-16F7-4668-BE54-9A1E7A4F7556}") = "MQTTnet", "src\MQTTnet\MQTTnet.csproj", "{0650ECF8-9B0A-4256-8514-B6CA180BFBE8}"
EndProject
Project("{9A19103F-16F7-4668-BE54-9A1E7A4F7556}") = "Uno.Wasm.WebSockets", "src\Uno.Wasm.WebSockets\Uno.Wasm.WebSockets.csproj", "{E04371E5-3895-45F8-A46C-C58E52FB51CE}"
EndProject
Project("{2150E333-8FDC-42A3-9474-1A3956D46DE8}") = "Example", "Example", "{47D41F20-C9CA-4DEF-BB8A-7778FF401B5E}"
EndProject
Project("{D954291E-2A0B-460D-934E-DC6B0785DB48}") = "EmitterApp.Shared", "src\Example\EmitterApp\EmitterApp.Shared\EmitterApp.Shared.shproj", "{6279C845-92F8-4333-AB99-3D213163593C}"
EndProject
Project("{9A19103F-16F7-4668-BE54-9A1E7A4F7556}") = "EmitterApp.Wasm", "src\Example\EmitterApp\EmitterApp.Wasm\EmitterApp.Wasm.csproj", "{D309E32B-80AB-4154-86FB-9CD39342F591}"
EndProject
Project("{FAE04EC0-301F-11D3-BF4B-00C04F79EFBC}") = "Uno.Emitter", "src\Uno.Emitter\Uno.Emitter.csproj", "{004EB3D2-DE0E-499F-BEE0-705D51CD0133}"
EndProject
Global
	GlobalSection(SharedMSBuildProjectFiles) = preSolution
		src\Example\EmitterApp\EmitterApp.Shared\EmitterApp.Shared.projitems*{6279c845-92f8-4333-ab99-3d213163593c}*SharedItemsImports = 13
	EndGlobalSection
	GlobalSection(SolutionConfigurationPlatforms) = preSolution
		Ad-Hoc|Any CPU = Ad-Hoc|Any CPU
		Ad-Hoc|ARM = Ad-Hoc|ARM
		Ad-Hoc|iPhone = Ad-Hoc|iPhone
		Ad-Hoc|iPhoneSimulator = Ad-Hoc|iPhoneSimulator
		Ad-Hoc|x64 = Ad-Hoc|x64
		Ad-Hoc|x86 = Ad-Hoc|x86
		AppStore|Any CPU = AppStore|Any CPU
		AppStore|ARM = AppStore|ARM
		AppStore|iPhone = AppStore|iPhone
		AppStore|iPhoneSimulator = AppStore|iPhoneSimulator
		AppStore|x64 = AppStore|x64
		AppStore|x86 = AppStore|x86
		Debug|Any CPU = Debug|Any CPU
		Debug|ARM = Debug|ARM
		Debug|iPhone = Debug|iPhone
		Debug|iPhoneSimulator = Debug|iPhoneSimulator
		Debug|x64 = Debug|x64
		Debug|x86 = Debug|x86
		Release|Any CPU = Release|Any CPU
		Release|ARM = Release|ARM
		Release|iPhone = Release|iPhone
		Release|iPhoneSimulator = Release|iPhoneSimulator
		Release|x64 = Release|x64
		Release|x86 = Release|x86
	EndGlobalSection
	GlobalSection(ProjectConfigurationPlatforms) = postSolution
		{0650ECF8-9B0A-4256-8514-B6CA180BFBE8}.Ad-Hoc|Any CPU.ActiveCfg = Release|Any CPU
		{0650ECF8-9B0A-4256-8514-B6CA180BFBE8}.Ad-Hoc|Any CPU.Build.0 = Release|Any CPU
		{0650ECF8-9B0A-4256-8514-B6CA180BFBE8}.Ad-Hoc|ARM.ActiveCfg = Release|Any CPU
		{0650ECF8-9B0A-4256-8514-B6CA180BFBE8}.Ad-Hoc|ARM.Build.0 = Release|Any CPU
		{0650ECF8-9B0A-4256-8514-B6CA180BFBE8}.Ad-Hoc|iPhone.ActiveCfg = Release|Any CPU
		{0650ECF8-9B0A-4256-8514-B6CA180BFBE8}.Ad-Hoc|iPhone.Build.0 = Release|Any CPU
		{0650ECF8-9B0A-4256-8514-B6CA180BFBE8}.Ad-Hoc|iPhoneSimulator.ActiveCfg = Release|Any CPU
		{0650ECF8-9B0A-4256-8514-B6CA180BFBE8}.Ad-Hoc|iPhoneSimulator.Build.0 = Release|Any CPU
		{0650ECF8-9B0A-4256-8514-B6CA180BFBE8}.Ad-Hoc|x64.ActiveCfg = Release|Any CPU
		{0650ECF8-9B0A-4256-8514-B6CA180BFBE8}.Ad-Hoc|x64.Build.0 = Release|Any CPU
		{0650ECF8-9B0A-4256-8514-B6CA180BFBE8}.Ad-Hoc|x86.ActiveCfg = Release|Any CPU
		{0650ECF8-9B0A-4256-8514-B6CA180BFBE8}.Ad-Hoc|x86.Build.0 = Release|Any CPU
		{0650ECF8-9B0A-4256-8514-B6CA180BFBE8}.AppStore|Any CPU.ActiveCfg = Release|Any CPU
		{0650ECF8-9B0A-4256-8514-B6CA180BFBE8}.AppStore|Any CPU.Build.0 = Release|Any CPU
		{0650ECF8-9B0A-4256-8514-B6CA180BFBE8}.AppStore|ARM.ActiveCfg = Release|Any CPU
		{0650ECF8-9B0A-4256-8514-B6CA180BFBE8}.AppStore|ARM.Build.0 = Release|Any CPU
		{0650ECF8-9B0A-4256-8514-B6CA180BFBE8}.AppStore|iPhone.ActiveCfg = Release|Any CPU
		{0650ECF8-9B0A-4256-8514-B6CA180BFBE8}.AppStore|iPhone.Build.0 = Release|Any CPU
		{0650ECF8-9B0A-4256-8514-B6CA180BFBE8}.AppStore|iPhoneSimulator.ActiveCfg = Release|Any CPU
		{0650ECF8-9B0A-4256-8514-B6CA180BFBE8}.AppStore|iPhoneSimulator.Build.0 = Release|Any CPU
		{0650ECF8-9B0A-4256-8514-B6CA180BFBE8}.AppStore|x64.ActiveCfg = Release|Any CPU
		{0650ECF8-9B0A-4256-8514-B6CA180BFBE8}.AppStore|x64.Build.0 = Release|Any CPU
		{0650ECF8-9B0A-4256-8514-B6CA180BFBE8}.AppStore|x86.ActiveCfg = Release|Any CPU
		{0650ECF8-9B0A-4256-8514-B6CA180BFBE8}.AppStore|x86.Build.0 = Release|Any CPU
		{0650ECF8-9B0A-4256-8514-B6CA180BFBE8}.Debug|Any CPU.ActiveCfg = Debug|Any CPU
		{0650ECF8-9B0A-4256-8514-B6CA180BFBE8}.Debug|Any CPU.Build.0 = Debug|Any CPU
		{0650ECF8-9B0A-4256-8514-B6CA180BFBE8}.Debug|ARM.ActiveCfg = Debug|Any CPU
		{0650ECF8-9B0A-4256-8514-B6CA180BFBE8}.Debug|ARM.Build.0 = Debug|Any CPU
		{0650ECF8-9B0A-4256-8514-B6CA180BFBE8}.Debug|iPhone.ActiveCfg = Debug|Any CPU
		{0650ECF8-9B0A-4256-8514-B6CA180BFBE8}.Debug|iPhone.Build.0 = Debug|Any CPU
		{0650ECF8-9B0A-4256-8514-B6CA180BFBE8}.Debug|iPhoneSimulator.ActiveCfg = Debug|Any CPU
		{0650ECF8-9B0A-4256-8514-B6CA180BFBE8}.Debug|iPhoneSimulator.Build.0 = Debug|Any CPU
		{0650ECF8-9B0A-4256-8514-B6CA180BFBE8}.Debug|x64.ActiveCfg = Debug|Any CPU
		{0650ECF8-9B0A-4256-8514-B6CA180BFBE8}.Debug|x64.Build.0 = Debug|Any CPU
		{0650ECF8-9B0A-4256-8514-B6CA180BFBE8}.Debug|x86.ActiveCfg = Debug|Any CPU
		{0650ECF8-9B0A-4256-8514-B6CA180BFBE8}.Debug|x86.Build.0 = Debug|Any CPU
		{0650ECF8-9B0A-4256-8514-B6CA180BFBE8}.Release|Any CPU.ActiveCfg = Release|Any CPU
		{0650ECF8-9B0A-4256-8514-B6CA180BFBE8}.Release|Any CPU.Build.0 = Release|Any CPU
		{0650ECF8-9B0A-4256-8514-B6CA180BFBE8}.Release|ARM.ActiveCfg = Release|Any CPU
		{0650ECF8-9B0A-4256-8514-B6CA180BFBE8}.Release|ARM.Build.0 = Release|Any CPU
		{0650ECF8-9B0A-4256-8514-B6CA180BFBE8}.Release|iPhone.ActiveCfg = Release|Any CPU
		{0650ECF8-9B0A-4256-8514-B6CA180BFBE8}.Release|iPhone.Build.0 = Release|Any CPU
		{0650ECF8-9B0A-4256-8514-B6CA180BFBE8}.Release|iPhoneSimulator.ActiveCfg = Release|Any CPU
		{0650ECF8-9B0A-4256-8514-B6CA180BFBE8}.Release|iPhoneSimulator.Build.0 = Release|Any CPU
		{0650ECF8-9B0A-4256-8514-B6CA180BFBE8}.Release|x64.ActiveCfg = Release|Any CPU
		{0650ECF8-9B0A-4256-8514-B6CA180BFBE8}.Release|x64.Build.0 = Release|Any CPU
		{0650ECF8-9B0A-4256-8514-B6CA180BFBE8}.Release|x86.ActiveCfg = Release|Any CPU
		{0650ECF8-9B0A-4256-8514-B6CA180BFBE8}.Release|x86.Build.0 = Release|Any CPU
		{E04371E5-3895-45F8-A46C-C58E52FB51CE}.Ad-Hoc|Any CPU.ActiveCfg = Release|Any CPU
		{E04371E5-3895-45F8-A46C-C58E52FB51CE}.Ad-Hoc|Any CPU.Build.0 = Release|Any CPU
		{E04371E5-3895-45F8-A46C-C58E52FB51CE}.Ad-Hoc|ARM.ActiveCfg = Release|Any CPU
		{E04371E5-3895-45F8-A46C-C58E52FB51CE}.Ad-Hoc|ARM.Build.0 = Release|Any CPU
		{E04371E5-3895-45F8-A46C-C58E52FB51CE}.Ad-Hoc|iPhone.ActiveCfg = Release|Any CPU
		{E04371E5-3895-45F8-A46C-C58E52FB51CE}.Ad-Hoc|iPhone.Build.0 = Release|Any CPU
		{E04371E5-3895-45F8-A46C-C58E52FB51CE}.Ad-Hoc|iPhoneSimulator.ActiveCfg = Release|Any CPU
		{E04371E5-3895-45F8-A46C-C58E52FB51CE}.Ad-Hoc|iPhoneSimulator.Build.0 = Release|Any CPU
		{E04371E5-3895-45F8-A46C-C58E52FB51CE}.Ad-Hoc|x64.ActiveCfg = Release|Any CPU
		{E04371E5-3895-45F8-A46C-C58E52FB51CE}.Ad-Hoc|x64.Build.0 = Release|Any CPU
		{E04371E5-3895-45F8-A46C-C58E52FB51CE}.Ad-Hoc|x86.ActiveCfg = Release|Any CPU
		{E04371E5-3895-45F8-A46C-C58E52FB51CE}.Ad-Hoc|x86.Build.0 = Release|Any CPU
		{E04371E5-3895-45F8-A46C-C58E52FB51CE}.AppStore|Any CPU.ActiveCfg = Release|Any CPU
		{E04371E5-3895-45F8-A46C-C58E52FB51CE}.AppStore|Any CPU.Build.0 = Release|Any CPU
		{E04371E5-3895-45F8-A46C-C58E52FB51CE}.AppStore|ARM.ActiveCfg = Release|Any CPU
		{E04371E5-3895-45F8-A46C-C58E52FB51CE}.AppStore|ARM.Build.0 = Release|Any CPU
		{E04371E5-3895-45F8-A46C-C58E52FB51CE}.AppStore|iPhone.ActiveCfg = Release|Any CPU
		{E04371E5-3895-45F8-A46C-C58E52FB51CE}.AppStore|iPhone.Build.0 = Release|Any CPU
		{E04371E5-3895-45F8-A46C-C58E52FB51CE}.AppStore|iPhoneSimulator.ActiveCfg = Release|Any CPU
		{E04371E5-3895-45F8-A46C-C58E52FB51CE}.AppStore|iPhoneSimulator.Build.0 = Release|Any CPU
		{E04371E5-3895-45F8-A46C-C58E52FB51CE}.AppStore|x64.ActiveCfg = Release|Any CPU
		{E04371E5-3895-45F8-A46C-C58E52FB51CE}.AppStore|x64.Build.0 = Release|Any CPU
		{E04371E5-3895-45F8-A46C-C58E52FB51CE}.AppStore|x86.ActiveCfg = Release|Any CPU
		{E04371E5-3895-45F8-A46C-C58E52FB51CE}.AppStore|x86.Build.0 = Release|Any CPU
		{E04371E5-3895-45F8-A46C-C58E52FB51CE}.Debug|Any CPU.ActiveCfg = Debug|Any CPU
		{E04371E5-3895-45F8-A46C-C58E52FB51CE}.Debug|Any CPU.Build.0 = Debug|Any CPU
		{E04371E5-3895-45F8-A46C-C58E52FB51CE}.Debug|ARM.ActiveCfg = Debug|Any CPU
		{E04371E5-3895-45F8-A46C-C58E52FB51CE}.Debug|ARM.Build.0 = Debug|Any CPU
		{E04371E5-3895-45F8-A46C-C58E52FB51CE}.Debug|iPhone.ActiveCfg = Debug|Any CPU
		{E04371E5-3895-45F8-A46C-C58E52FB51CE}.Debug|iPhone.Build.0 = Debug|Any CPU
		{E04371E5-3895-45F8-A46C-C58E52FB51CE}.Debug|iPhoneSimulator.ActiveCfg = Debug|Any CPU
		{E04371E5-3895-45F8-A46C-C58E52FB51CE}.Debug|iPhoneSimulator.Build.0 = Debug|Any CPU
		{E04371E5-3895-45F8-A46C-C58E52FB51CE}.Debug|x64.ActiveCfg = Debug|Any CPU
		{E04371E5-3895-45F8-A46C-C58E52FB51CE}.Debug|x64.Build.0 = Debug|Any CPU
		{E04371E5-3895-45F8-A46C-C58E52FB51CE}.Debug|x86.ActiveCfg = Debug|Any CPU
		{E04371E5-3895-45F8-A46C-C58E52FB51CE}.Debug|x86.Build.0 = Debug|Any CPU
		{E04371E5-3895-45F8-A46C-C58E52FB51CE}.Release|Any CPU.ActiveCfg = Release|Any CPU
		{E04371E5-3895-45F8-A46C-C58E52FB51CE}.Release|Any CPU.Build.0 = Release|Any CPU
		{E04371E5-3895-45F8-A46C-C58E52FB51CE}.Release|ARM.ActiveCfg = Release|Any CPU
		{E04371E5-3895-45F8-A46C-C58E52FB51CE}.Release|ARM.Build.0 = Release|Any CPU
		{E04371E5-3895-45F8-A46C-C58E52FB51CE}.Release|iPhone.ActiveCfg = Release|Any CPU
		{E04371E5-3895-45F8-A46C-C58E52FB51CE}.Release|iPhone.Build.0 = Release|Any CPU
		{E04371E5-3895-45F8-A46C-C58E52FB51CE}.Release|iPhoneSimulator.ActiveCfg = Release|Any CPU
		{E04371E5-3895-45F8-A46C-C58E52FB51CE}.Release|iPhoneSimulator.Build.0 = Release|Any CPU
		{E04371E5-3895-45F8-A46C-C58E52FB51CE}.Release|x64.ActiveCfg = Release|Any CPU
		{E04371E5-3895-45F8-A46C-C58E52FB51CE}.Release|x64.Build.0 = Release|Any CPU
		{E04371E5-3895-45F8-A46C-C58E52FB51CE}.Release|x86.ActiveCfg = Release|Any CPU
		{E04371E5-3895-45F8-A46C-C58E52FB51CE}.Release|x86.Build.0 = Release|Any CPU
		{D309E32B-80AB-4154-86FB-9CD39342F591}.Ad-Hoc|Any CPU.ActiveCfg = Debug|Any CPU
		{D309E32B-80AB-4154-86FB-9CD39342F591}.Ad-Hoc|Any CPU.Build.0 = Debug|Any CPU
		{D309E32B-80AB-4154-86FB-9CD39342F591}.Ad-Hoc|ARM.ActiveCfg = Debug|Any CPU
		{D309E32B-80AB-4154-86FB-9CD39342F591}.Ad-Hoc|ARM.Build.0 = Debug|Any CPU
		{D309E32B-80AB-4154-86FB-9CD39342F591}.Ad-Hoc|iPhone.ActiveCfg = Debug|Any CPU
		{D309E32B-80AB-4154-86FB-9CD39342F591}.Ad-Hoc|iPhone.Build.0 = Debug|Any CPU
		{D309E32B-80AB-4154-86FB-9CD39342F591}.Ad-Hoc|iPhoneSimulator.ActiveCfg = Debug|Any CPU
		{D309E32B-80AB-4154-86FB-9CD39342F591}.Ad-Hoc|iPhoneSimulator.Build.0 = Debug|Any CPU
		{D309E32B-80AB-4154-86FB-9CD39342F591}.Ad-Hoc|x64.ActiveCfg = Debug|Any CPU
		{D309E32B-80AB-4154-86FB-9CD39342F591}.Ad-Hoc|x64.Build.0 = Debug|Any CPU
		{D309E32B-80AB-4154-86FB-9CD39342F591}.Ad-Hoc|x86.ActiveCfg = Debug|Any CPU
		{D309E32B-80AB-4154-86FB-9CD39342F591}.Ad-Hoc|x86.Build.0 = Debug|Any CPU
		{D309E32B-80AB-4154-86FB-9CD39342F591}.AppStore|Any CPU.ActiveCfg = Debug|Any CPU
		{D309E32B-80AB-4154-86FB-9CD39342F591}.AppStore|Any CPU.Build.0 = Debug|Any CPU
		{D309E32B-80AB-4154-86FB-9CD39342F591}.AppStore|ARM.ActiveCfg = Debug|Any CPU
		{D309E32B-80AB-4154-86FB-9CD39342F591}.AppStore|ARM.Build.0 = Debug|Any CPU
		{D309E32B-80AB-4154-86FB-9CD39342F591}.AppStore|iPhone.ActiveCfg = Debug|Any CPU
		{D309E32B-80AB-4154-86FB-9CD39342F591}.AppStore|iPhone.Build.0 = Debug|Any CPU
		{D309E32B-80AB-4154-86FB-9CD39342F591}.AppStore|iPhoneSimulator.ActiveCfg = Debug|Any CPU
		{D309E32B-80AB-4154-86FB-9CD39342F591}.AppStore|iPhoneSimulator.Build.0 = Debug|Any CPU
		{D309E32B-80AB-4154-86FB-9CD39342F591}.AppStore|x64.ActiveCfg = Debug|Any CPU
		{D309E32B-80AB-4154-86FB-9CD39342F591}.AppStore|x64.Build.0 = Debug|Any CPU
		{D309E32B-80AB-4154-86FB-9CD39342F591}.AppStore|x86.ActiveCfg = Debug|Any CPU
		{D309E32B-80AB-4154-86FB-9CD39342F591}.AppStore|x86.Build.0 = Debug|Any CPU
		{D309E32B-80AB-4154-86FB-9CD39342F591}.Debug|Any CPU.ActiveCfg = Debug|Any CPU
		{D309E32B-80AB-4154-86FB-9CD39342F591}.Debug|Any CPU.Build.0 = Debug|Any CPU
		{D309E32B-80AB-4154-86FB-9CD39342F591}.Debug|ARM.ActiveCfg = Debug|Any CPU
		{D309E32B-80AB-4154-86FB-9CD39342F591}.Debug|ARM.Build.0 = Debug|Any CPU
		{D309E32B-80AB-4154-86FB-9CD39342F591}.Debug|iPhone.ActiveCfg = Debug|Any CPU
		{D309E32B-80AB-4154-86FB-9CD39342F591}.Debug|iPhone.Build.0 = Debug|Any CPU
		{D309E32B-80AB-4154-86FB-9CD39342F591}.Debug|iPhoneSimulator.ActiveCfg = Debug|Any CPU
		{D309E32B-80AB-4154-86FB-9CD39342F591}.Debug|iPhoneSimulator.Build.0 = Debug|Any CPU
		{D309E32B-80AB-4154-86FB-9CD39342F591}.Debug|x64.ActiveCfg = Debug|Any CPU
		{D309E32B-80AB-4154-86FB-9CD39342F591}.Debug|x64.Build.0 = Debug|Any CPU
		{D309E32B-80AB-4154-86FB-9CD39342F591}.Debug|x86.ActiveCfg = Debug|Any CPU
		{D309E32B-80AB-4154-86FB-9CD39342F591}.Debug|x86.Build.0 = Debug|Any CPU
		{D309E32B-80AB-4154-86FB-9CD39342F591}.Release|Any CPU.ActiveCfg = Release|Any CPU
		{D309E32B-80AB-4154-86FB-9CD39342F591}.Release|Any CPU.Build.0 = Release|Any CPU
		{D309E32B-80AB-4154-86FB-9CD39342F591}.Release|ARM.ActiveCfg = Release|Any CPU
		{D309E32B-80AB-4154-86FB-9CD39342F591}.Release|ARM.Build.0 = Release|Any CPU
		{D309E32B-80AB-4154-86FB-9CD39342F591}.Release|iPhone.ActiveCfg = Release|Any CPU
		{D309E32B-80AB-4154-86FB-9CD39342F591}.Release|iPhone.Build.0 = Release|Any CPU
		{D309E32B-80AB-4154-86FB-9CD39342F591}.Release|iPhoneSimulator.ActiveCfg = Release|Any CPU
		{D309E32B-80AB-4154-86FB-9CD39342F591}.Release|iPhoneSimulator.Build.0 = Release|Any CPU
		{D309E32B-80AB-4154-86FB-9CD39342F591}.Release|x64.ActiveCfg = Release|Any CPU
		{D309E32B-80AB-4154-86FB-9CD39342F591}.Release|x64.Build.0 = Release|Any CPU
		{D309E32B-80AB-4154-86FB-9CD39342F591}.Release|x86.ActiveCfg = Release|Any CPU
		{D309E32B-80AB-4154-86FB-9CD39342F591}.Release|x86.Build.0 = Release|Any CPU
		{004EB3D2-DE0E-499F-BEE0-705D51CD0133}.Ad-Hoc|Any CPU.ActiveCfg = Debug|Any CPU
		{004EB3D2-DE0E-499F-BEE0-705D51CD0133}.Ad-Hoc|Any CPU.Build.0 = Debug|Any CPU
		{004EB3D2-DE0E-499F-BEE0-705D51CD0133}.Ad-Hoc|ARM.ActiveCfg = Debug|Any CPU
		{004EB3D2-DE0E-499F-BEE0-705D51CD0133}.Ad-Hoc|ARM.Build.0 = Debug|Any CPU
		{004EB3D2-DE0E-499F-BEE0-705D51CD0133}.Ad-Hoc|iPhone.ActiveCfg = Debug|Any CPU
		{004EB3D2-DE0E-499F-BEE0-705D51CD0133}.Ad-Hoc|iPhone.Build.0 = Debug|Any CPU
		{004EB3D2-DE0E-499F-BEE0-705D51CD0133}.Ad-Hoc|iPhoneSimulator.ActiveCfg = Debug|Any CPU
		{004EB3D2-DE0E-499F-BEE0-705D51CD0133}.Ad-Hoc|iPhoneSimulator.Build.0 = Debug|Any CPU
		{004EB3D2-DE0E-499F-BEE0-705D51CD0133}.Ad-Hoc|x64.ActiveCfg = Debug|Any CPU
		{004EB3D2-DE0E-499F-BEE0-705D51CD0133}.Ad-Hoc|x64.Build.0 = Debug|Any CPU
		{004EB3D2-DE0E-499F-BEE0-705D51CD0133}.Ad-Hoc|x86.ActiveCfg = Debug|Any CPU
		{004EB3D2-DE0E-499F-BEE0-705D51CD0133}.Ad-Hoc|x86.Build.0 = Debug|Any CPU
		{004EB3D2-DE0E-499F-BEE0-705D51CD0133}.AppStore|Any CPU.ActiveCfg = Debug|Any CPU
		{004EB3D2-DE0E-499F-BEE0-705D51CD0133}.AppStore|Any CPU.Build.0 = Debug|Any CPU
		{004EB3D2-DE0E-499F-BEE0-705D51CD0133}.AppStore|ARM.ActiveCfg = Debug|Any CPU
		{004EB3D2-DE0E-499F-BEE0-705D51CD0133}.AppStore|ARM.Build.0 = Debug|Any CPU
		{004EB3D2-DE0E-499F-BEE0-705D51CD0133}.AppStore|iPhone.ActiveCfg = Debug|Any CPU
		{004EB3D2-DE0E-499F-BEE0-705D51CD0133}.AppStore|iPhone.Build.0 = Debug|Any CPU
		{004EB3D2-DE0E-499F-BEE0-705D51CD0133}.AppStore|iPhoneSimulator.ActiveCfg = Debug|Any CPU
		{004EB3D2-DE0E-499F-BEE0-705D51CD0133}.AppStore|iPhoneSimulator.Build.0 = Debug|Any CPU
		{004EB3D2-DE0E-499F-BEE0-705D51CD0133}.AppStore|x64.ActiveCfg = Debug|Any CPU
		{004EB3D2-DE0E-499F-BEE0-705D51CD0133}.AppStore|x64.Build.0 = Debug|Any CPU
		{004EB3D2-DE0E-499F-BEE0-705D51CD0133}.AppStore|x86.ActiveCfg = Debug|Any CPU
		{004EB3D2-DE0E-499F-BEE0-705D51CD0133}.AppStore|x86.Build.0 = Debug|Any CPU
		{004EB3D2-DE0E-499F-BEE0-705D51CD0133}.Debug|Any CPU.ActiveCfg = Debug|Any CPU
		{004EB3D2-DE0E-499F-BEE0-705D51CD0133}.Debug|Any CPU.Build.0 = Debug|Any CPU
		{004EB3D2-DE0E-499F-BEE0-705D51CD0133}.Debug|ARM.ActiveCfg = Debug|Any CPU
		{004EB3D2-DE0E-499F-BEE0-705D51CD0133}.Debug|ARM.Build.0 = Debug|Any CPU
		{004EB3D2-DE0E-499F-BEE0-705D51CD0133}.Debug|iPhone.ActiveCfg = Debug|Any CPU
		{004EB3D2-DE0E-499F-BEE0-705D51CD0133}.Debug|iPhone.Build.0 = Debug|Any CPU
		{004EB3D2-DE0E-499F-BEE0-705D51CD0133}.Debug|iPhoneSimulator.ActiveCfg = Debug|Any CPU
		{004EB3D2-DE0E-499F-BEE0-705D51CD0133}.Debug|iPhoneSimulator.Build.0 = Debug|Any CPU
		{004EB3D2-DE0E-499F-BEE0-705D51CD0133}.Debug|x64.ActiveCfg = Debug|Any CPU
		{004EB3D2-DE0E-499F-BEE0-705D51CD0133}.Debug|x64.Build.0 = Debug|Any CPU
		{004EB3D2-DE0E-499F-BEE0-705D51CD0133}.Debug|x86.ActiveCfg = Debug|Any CPU
		{004EB3D2-DE0E-499F-BEE0-705D51CD0133}.Debug|x86.Build.0 = Debug|Any CPU
		{004EB3D2-DE0E-499F-BEE0-705D51CD0133}.Release|Any CPU.ActiveCfg = Release|Any CPU
		{004EB3D2-DE0E-499F-BEE0-705D51CD0133}.Release|Any CPU.Build.0 = Release|Any CPU
		{004EB3D2-DE0E-499F-BEE0-705D51CD0133}.Release|ARM.ActiveCfg = Release|Any CPU
		{004EB3D2-DE0E-499F-BEE0-705D51CD0133}.Release|ARM.Build.0 = Release|Any CPU
		{004EB3D2-DE0E-499F-BEE0-705D51CD0133}.Release|iPhone.ActiveCfg = Release|Any CPU
		{004EB3D2-DE0E-499F-BEE0-705D51CD0133}.Release|iPhone.Build.0 = Release|Any CPU
		{004EB3D2-DE0E-499F-BEE0-705D51CD0133}.Release|iPhoneSimulator.ActiveCfg = Release|Any CPU
		{004EB3D2-DE0E-499F-BEE0-705D51CD0133}.Release|iPhoneSimulator.Build.0 = Release|Any CPU
		{004EB3D2-DE0E-499F-BEE0-705D51CD0133}.Release|x64.ActiveCfg = Release|Any CPU
		{004EB3D2-DE0E-499F-BEE0-705D51CD0133}.Release|x64.Build.0 = Release|Any CPU
		{004EB3D2-DE0E-499F-BEE0-705D51CD0133}.Release|x86.ActiveCfg = Release|Any CPU
		{004EB3D2-DE0E-499F-BEE0-705D51CD0133}.Release|x86.Build.0 = Release|Any CPU
	EndGlobalSection
	GlobalSection(SolutionProperties) = preSolution
		HideSolutionNode = FALSE
	EndGlobalSection
	GlobalSection(NestedProjects) = preSolution
		{6279C845-92F8-4333-AB99-3D213163593C} = {47D41F20-C9CA-4DEF-BB8A-7778FF401B5E}
		{D309E32B-80AB-4154-86FB-9CD39342F591} = {47D41F20-C9CA-4DEF-BB8A-7778FF401B5E}
	EndGlobalSection
	GlobalSection(ExtensibilityGlobals) = postSolution
		SolutionGuid = {E6D0F4F1-2319-4CC2-B346-9E2C6B5295B9}
	EndGlobalSection
EndGlobal
